// !$*UTF8*$!
{
	archiveVersion = 1;
	classes = {
	};
	objectVersion = 56;
	objects = {

/* Begin PBXBuildFile section */
		BC0BFD2C2A79A23900D9B53B /* LineSeparatorNews.swift in Sources */ = {isa = PBXBuildFile; fileRef = BC0BFD2B2A79A23900D9B53B /* LineSeparatorNews.swift */; };
		BC0BFD2F2A79A52C00D9B53B /* AsyncImageOfTheNew.swift in Sources */ = {isa = PBXBuildFile; fileRef = BC0BFD2E2A79A52C00D9B53B /* AsyncImageOfTheNew.swift */; };
		BC0BFD312A79C4B000D9B53B /* SafariView.swift in Sources */ = {isa = PBXBuildFile; fileRef = BC0BFD302A79C4B000D9B53B /* SafariView.swift */; };
		BC3430912A7550510093F904 /* CellOfTheNew.swift in Sources */ = {isa = PBXBuildFile; fileRef = BC3430902A7550510093F904 /* CellOfTheNew.swift */; };
		BC3430942A7554EF0093F904 /* HomeViewModel.swift in Sources */ = {isa = PBXBuildFile; fileRef = BC3430932A7554EF0093F904 /* HomeViewModel.swift */; };
		BC3430972A75B5350093F904 /* ApiError.swift in Sources */ = {isa = PBXBuildFile; fileRef = BC3430962A75B5350093F904 /* ApiError.swift */; };
		BC3430992A7704820093F904 /* MockUrlProtocol.swift in Sources */ = {isa = PBXBuildFile; fileRef = BC3430982A7704820093F904 /* MockUrlProtocol.swift */; };
		BC34309B2A7704C90093F904 /* MockResponseData.swift in Sources */ = {isa = PBXBuildFile; fileRef = BC34309A2A7704C90093F904 /* MockResponseData.swift */; };
		BC34309D2A7705440093F904 /* NewsApiTests.swift in Sources */ = {isa = PBXBuildFile; fileRef = BC34309C2A7705440093F904 /* NewsApiTests.swift */; };
		BCE6FAEE2A7506960070984A /* WhatIsTheNewsApp.swift in Sources */ = {isa = PBXBuildFile; fileRef = BCE6FAED2A7506960070984A /* WhatIsTheNewsApp.swift */; };
		BCE6FAF02A7506960070984A /* HomeView.swift in Sources */ = {isa = PBXBuildFile; fileRef = BCE6FAEF2A7506960070984A /* HomeView.swift */; };
		BCE6FAF22A7506980070984A /* Assets.xcassets in Resources */ = {isa = PBXBuildFile; fileRef = BCE6FAF12A7506980070984A /* Assets.xcassets */; };
		BCE6FAF52A7506980070984A /* Preview Assets.xcassets in Resources */ = {isa = PBXBuildFile; fileRef = BCE6FAF42A7506980070984A /* Preview Assets.xcassets */; };
		BCE6FAFF2A7506980070984A /* WhatIsTheNewsTests.swift in Sources */ = {isa = PBXBuildFile; fileRef = BCE6FAFE2A7506980070984A /* WhatIsTheNewsTests.swift */; };
		BCE6FB092A7506980070984A /* WhatIsTheNewsUITests.swift in Sources */ = {isa = PBXBuildFile; fileRef = BCE6FB082A7506980070984A /* WhatIsTheNewsUITests.swift */; };
		BCE6FB0B2A7506980070984A /* WhatIsTheNewsUITestsLaunchTests.swift in Sources */ = {isa = PBXBuildFile; fileRef = BCE6FB0A2A7506980070984A /* WhatIsTheNewsUITestsLaunchTests.swift */; };
		BCE6FB192A750B130070984A /* APIKeys.swift in Sources */ = {isa = PBXBuildFile; fileRef = BCE6FB182A750B130070984A /* APIKeys.swift */; };
		BCE6FB1B2A750CF30070984A /* New.swift in Sources */ = {isa = PBXBuildFile; fileRef = BCE6FB1A2A750CF30070984A /* New.swift */; };
		BCE6FB1E2A7513360070984A /* ExamplesWithCoupeMondeFootFeminine.json in Resources */ = {isa = PBXBuildFile; fileRef = BCE6FB1D2A7513360070984A /* ExamplesWithCoupeMondeFootFeminine.json */; };
		BCE6FB202A751C1B0070984A /* NewsApiResult.swift in Sources */ = {isa = PBXBuildFile; fileRef = BCE6FB1F2A751C1B0070984A /* NewsApiResult.swift */; };
		BCFE77F32A78469B009FDC04 /* DetailOfTheNewView.swift in Sources */ = {isa = PBXBuildFile; fileRef = BCFE77F22A78469B009FDC04 /* DetailOfTheNewView.swift */; };
		BCFE77F72A784CB0009FDC04 /* Color+Extensions.swift in Sources */ = {isa = PBXBuildFile; fileRef = BCFE77F62A784CB0009FDC04 /* Color+Extensions.swift */; };
		BCFE77F92A785A4C009FDC04 /* PageOfTheNew.swift in Sources */ = {isa = PBXBuildFile; fileRef = BCFE77F82A785A4C009FDC04 /* PageOfTheNew.swift */; };
/* End PBXBuildFile section */

/* Begin PBXContainerItemProxy section */
		BCE6FAFB2A7506980070984A /* PBXContainerItemProxy */ = {
			isa = PBXContainerItemProxy;
			containerPortal = BCE6FAE22A7506960070984A /* Project object */;
			proxyType = 1;
			remoteGlobalIDString = BCE6FAE92A7506960070984A;
			remoteInfo = WhatIsTheNews;
		};
		BCE6FB052A7506980070984A /* PBXContainerItemProxy */ = {
			isa = PBXContainerItemProxy;
			containerPortal = BCE6FAE22A7506960070984A /* Project object */;
			proxyType = 1;
			remoteGlobalIDString = BCE6FAE92A7506960070984A;
			remoteInfo = WhatIsTheNews;
		};
/* End PBXContainerItemProxy section */

/* Begin PBXFileReference section */
		BC0BFD2B2A79A23900D9B53B /* LineSeparatorNews.swift */ = {isa = PBXFileReference; lastKnownFileType = sourcecode.swift; path = LineSeparatorNews.swift; sourceTree = "<group>"; };
		BC0BFD2E2A79A52C00D9B53B /* AsyncImageOfTheNew.swift */ = {isa = PBXFileReference; lastKnownFileType = sourcecode.swift; path = AsyncImageOfTheNew.swift; sourceTree = "<group>"; };
		BC0BFD302A79C4B000D9B53B /* SafariView.swift */ = {isa = PBXFileReference; lastKnownFileType = sourcecode.swift; path = SafariView.swift; sourceTree = "<group>"; };
		BC34308F2A754CB30093F904 /* WhatIsTheNews.xctestplan */ = {isa = PBXFileReference; lastKnownFileType = text; path = WhatIsTheNews.xctestplan; sourceTree = "<group>"; };
		BC3430902A7550510093F904 /* CellOfTheNew.swift */ = {isa = PBXFileReference; lastKnownFileType = sourcecode.swift; path = CellOfTheNew.swift; sourceTree = "<group>"; };
		BC3430932A7554EF0093F904 /* HomeViewModel.swift */ = {isa = PBXFileReference; lastKnownFileType = sourcecode.swift; path = HomeViewModel.swift; sourceTree = "<group>"; };
		BC3430962A75B5350093F904 /* ApiError.swift */ = {isa = PBXFileReference; lastKnownFileType = sourcecode.swift; path = ApiError.swift; sourceTree = "<group>"; };
		BC3430982A7704820093F904 /* MockUrlProtocol.swift */ = {isa = PBXFileReference; lastKnownFileType = sourcecode.swift; path = MockUrlProtocol.swift; sourceTree = "<group>"; };
		BC34309A2A7704C90093F904 /* MockResponseData.swift */ = {isa = PBXFileReference; lastKnownFileType = sourcecode.swift; path = MockResponseData.swift; sourceTree = "<group>"; };
		BC34309C2A7705440093F904 /* NewsApiTests.swift */ = {isa = PBXFileReference; lastKnownFileType = sourcecode.swift; path = NewsApiTests.swift; sourceTree = "<group>"; };
		BCE6FAEA2A7506960070984A /* WhatIsTheNews.app */ = {isa = PBXFileReference; explicitFileType = wrapper.application; includeInIndex = 0; path = WhatIsTheNews.app; sourceTree = BUILT_PRODUCTS_DIR; };
		BCE6FAED2A7506960070984A /* WhatIsTheNewsApp.swift */ = {isa = PBXFileReference; lastKnownFileType = sourcecode.swift; path = WhatIsTheNewsApp.swift; sourceTree = "<group>"; };
		BCE6FAEF2A7506960070984A /* HomeView.swift */ = {isa = PBXFileReference; lastKnownFileType = sourcecode.swift; path = HomeView.swift; sourceTree = "<group>"; };
		BCE6FAF12A7506980070984A /* Assets.xcassets */ = {isa = PBXFileReference; lastKnownFileType = folder.assetcatalog; path = Assets.xcassets; sourceTree = "<group>"; };
		BCE6FAF42A7506980070984A /* Preview Assets.xcassets */ = {isa = PBXFileReference; lastKnownFileType = folder.assetcatalog; path = "Preview Assets.xcassets"; sourceTree = "<group>"; };
		BCE6FAFA2A7506980070984A /* WhatIsTheNewsTests.xctest */ = {isa = PBXFileReference; explicitFileType = wrapper.cfbundle; includeInIndex = 0; path = WhatIsTheNewsTests.xctest; sourceTree = BUILT_PRODUCTS_DIR; };
		BCE6FAFE2A7506980070984A /* WhatIsTheNewsTests.swift */ = {isa = PBXFileReference; lastKnownFileType = sourcecode.swift; path = WhatIsTheNewsTests.swift; sourceTree = "<group>"; };
		BCE6FB042A7506980070984A /* WhatIsTheNewsUITests.xctest */ = {isa = PBXFileReference; explicitFileType = wrapper.cfbundle; includeInIndex = 0; path = WhatIsTheNewsUITests.xctest; sourceTree = BUILT_PRODUCTS_DIR; };
		BCE6FB082A7506980070984A /* WhatIsTheNewsUITests.swift */ = {isa = PBXFileReference; lastKnownFileType = sourcecode.swift; path = WhatIsTheNewsUITests.swift; sourceTree = "<group>"; };
		BCE6FB0A2A7506980070984A /* WhatIsTheNewsUITestsLaunchTests.swift */ = {isa = PBXFileReference; lastKnownFileType = sourcecode.swift; path = WhatIsTheNewsUITestsLaunchTests.swift; sourceTree = "<group>"; };
		BCE6FB182A750B130070984A /* APIKeys.swift */ = {isa = PBXFileReference; lastKnownFileType = sourcecode.swift; path = APIKeys.swift; sourceTree = "<group>"; };
		BCE6FB1A2A750CF30070984A /* New.swift */ = {isa = PBXFileReference; lastKnownFileType = sourcecode.swift; path = New.swift; sourceTree = "<group>"; };
		BCE6FB1D2A7513360070984A /* ExamplesWithCoupeMondeFootFeminine.json */ = {isa = PBXFileReference; lastKnownFileType = text.json; path = ExamplesWithCoupeMondeFootFeminine.json; sourceTree = "<group>"; };
		BCE6FB1F2A751C1B0070984A /* NewsApiResult.swift */ = {isa = PBXFileReference; lastKnownFileType = sourcecode.swift; path = NewsApiResult.swift; sourceTree = "<group>"; };
		BCFE77F22A78469B009FDC04 /* DetailOfTheNewView.swift */ = {isa = PBXFileReference; lastKnownFileType = sourcecode.swift; path = DetailOfTheNewView.swift; sourceTree = "<group>"; };
		BCFE77F62A784CB0009FDC04 /* Color+Extensions.swift */ = {isa = PBXFileReference; lastKnownFileType = sourcecode.swift; path = "Color+Extensions.swift"; sourceTree = "<group>"; };
		BCFE77F82A785A4C009FDC04 /* PageOfTheNew.swift */ = {isa = PBXFileReference; lastKnownFileType = sourcecode.swift; path = PageOfTheNew.swift; sourceTree = "<group>"; };
/* End PBXFileReference section */

/* Begin PBXFrameworksBuildPhase section */
		BCE6FAE72A7506960070984A /* Frameworks */ = {
			isa = PBXFrameworksBuildPhase;
			buildActionMask = 2147483647;
			files = (
			);
			runOnlyForDeploymentPostprocessing = 0;
		};
		BCE6FAF72A7506980070984A /* Frameworks */ = {
			isa = PBXFrameworksBuildPhase;
			buildActionMask = 2147483647;
			files = (
			);
			runOnlyForDeploymentPostprocessing = 0;
		};
		BCE6FB012A7506980070984A /* Frameworks */ = {
			isa = PBXFrameworksBuildPhase;
			buildActionMask = 2147483647;
			files = (
			);
			runOnlyForDeploymentPostprocessing = 0;
		};
/* End PBXFrameworksBuildPhase section */

/* Begin PBXGroup section */
		BC0BFD2D2A79A26600D9B53B /* Components */ = {
			isa = PBXGroup;
			children = (
				BC0BFD2B2A79A23900D9B53B /* LineSeparatorNews.swift */,
				BC0BFD2E2A79A52C00D9B53B /* AsyncImageOfTheNew.swift */,
			);
			path = Components;
			sourceTree = "<group>";
		};
		BC3430922A7554CF0093F904 /* Views */ = {
			isa = PBXGroup;
			children = (
				BCE6FAEF2A7506960070984A /* HomeView.swift */,
				BCFE77F22A78469B009FDC04 /* DetailOfTheNewView.swift */,
				BC3430902A7550510093F904 /* CellOfTheNew.swift */,
				BCFE77F82A785A4C009FDC04 /* PageOfTheNew.swift */,
			);
			path = Views;
			sourceTree = "<group>";
		};
		BC3430952A7556710093F904 /* ViewModels */ = {
			isa = PBXGroup;
			children = (
				BC3430932A7554EF0093F904 /* HomeViewModel.swift */,
			);
			path = ViewModels;
			sourceTree = "<group>";
		};
		BCE6FAE12A7506960070984A = {
			isa = PBXGroup;
			children = (
				BC34308F2A754CB30093F904 /* WhatIsTheNews.xctestplan */,
				BCE6FAEC2A7506960070984A /* WhatIsTheNews */,
				BCE6FAFD2A7506980070984A /* WhatIsTheNewsTests */,
				BCE6FB072A7506980070984A /* WhatIsTheNewsUITests */,
				BCE6FB172A750A220070984A /* Secrets */,
				BCE6FAEB2A7506960070984A /* Products */,
			);
			sourceTree = "<group>";
		};
		BCE6FAEB2A7506960070984A /* Products */ = {
			isa = PBXGroup;
			children = (
				BCE6FAEA2A7506960070984A /* WhatIsTheNews.app */,
				BCE6FAFA2A7506980070984A /* WhatIsTheNewsTests.xctest */,
				BCE6FB042A7506980070984A /* WhatIsTheNewsUITests.xctest */,
			);
			name = Products;
			sourceTree = "<group>";
		};
		BCE6FAEC2A7506960070984A /* WhatIsTheNews */ = {
			isa = PBXGroup;
			children = (
				BCE6FAED2A7506960070984A /* WhatIsTheNewsApp.swift */,
				BCE6FB1C2A750D040070984A /* Models */,
				BC3430922A7554CF0093F904 /* Views */,
				BC3430952A7556710093F904 /* ViewModels */,
				BCE6FAF12A7506980070984A /* Assets.xcassets */,
				BC0BFD2D2A79A26600D9B53B /* Components */,
				BCFE77F42A784C84009FDC04 /* Extensions */,
				BCE6FAF32A7506980070984A /* Preview Content */,
			);
			path = WhatIsTheNews;
			sourceTree = "<group>";
		};
		BCE6FAF32A7506980070984A /* Preview Content */ = {
			isa = PBXGroup;
			children = (
				BCE6FAF42A7506980070984A /* Preview Assets.xcassets */,
			);
			path = "Preview Content";
			sourceTree = "<group>";
		};
		BCE6FAFD2A7506980070984A /* WhatIsTheNewsTests */ = {
			isa = PBXGroup;
			children = (
				BCE6FAFE2A7506980070984A /* WhatIsTheNewsTests.swift */,
				BC3430982A7704820093F904 /* MockUrlProtocol.swift */,
				BC34309A2A7704C90093F904 /* MockResponseData.swift */,
				BC34309C2A7705440093F904 /* NewsApiTests.swift */,
				BCE6FB1D2A7513360070984A /* ExamplesWithCoupeMondeFootFeminine.json */,
			);
			path = WhatIsTheNewsTests;
			sourceTree = "<group>";
		};
		BCE6FB072A7506980070984A /* WhatIsTheNewsUITests */ = {
			isa = PBXGroup;
			children = (
				BCE6FB082A7506980070984A /* WhatIsTheNewsUITests.swift */,
				BCE6FB0A2A7506980070984A /* WhatIsTheNewsUITestsLaunchTests.swift */,
			);
			path = WhatIsTheNewsUITests;
			sourceTree = "<group>";
		};
		BCE6FB172A750A220070984A /* Secrets */ = {
			isa = PBXGroup;
			children = (
				BCE6FB182A750B130070984A /* APIKeys.swift */,
			);
			path = Secrets;
			sourceTree = "<group>";
		};
		BCE6FB1C2A750D040070984A /* Models */ = {
			isa = PBXGroup;
			children = (
				BCE6FB1F2A751C1B0070984A /* NewsApiResult.swift */,
				BCE6FB1A2A750CF30070984A /* New.swift */,
				BC3430962A75B5350093F904 /* ApiError.swift */,
			);
			path = Models;
			sourceTree = "<group>";
		};
		BCFE77F42A784C84009FDC04 /* Extensions */ = {
			isa = PBXGroup;
			children = (
				BCFE77F62A784CB0009FDC04 /* Color+Extensions.swift */,
				BC0BFD302A79C4B000D9B53B /* SafariView.swift */,
			);
			path = Extensions;
			sourceTree = "<group>";
		};
/* End PBXGroup section */

/* Begin PBXNativeTarget section */
		BCE6FAE92A7506960070984A /* WhatIsTheNews */ = {
			isa = PBXNativeTarget;
			buildConfigurationList = BCE6FB0E2A7506980070984A /* Build configuration list for PBXNativeTarget "WhatIsTheNews" */;
			buildPhases = (
				BCE6FAE62A7506960070984A /* Sources */,
				BCE6FAE72A7506960070984A /* Frameworks */,
				BCE6FAE82A7506960070984A /* Resources */,
			);
			buildRules = (
			);
			dependencies = (
			);
			name = WhatIsTheNews;
			productName = WhatIsTheNews;
			productReference = BCE6FAEA2A7506960070984A /* WhatIsTheNews.app */;
			productType = "com.apple.product-type.application";
		};
		BCE6FAF92A7506980070984A /* WhatIsTheNewsTests */ = {
			isa = PBXNativeTarget;
			buildConfigurationList = BCE6FB112A7506980070984A /* Build configuration list for PBXNativeTarget "WhatIsTheNewsTests" */;
			buildPhases = (
				BCE6FAF62A7506980070984A /* Sources */,
				BCE6FAF72A7506980070984A /* Frameworks */,
				BCE6FAF82A7506980070984A /* Resources */,
			);
			buildRules = (
			);
			dependencies = (
				BCE6FAFC2A7506980070984A /* PBXTargetDependency */,
			);
			name = WhatIsTheNewsTests;
			productName = WhatIsTheNewsTests;
			productReference = BCE6FAFA2A7506980070984A /* WhatIsTheNewsTests.xctest */;
			productType = "com.apple.product-type.bundle.unit-test";
		};
		BCE6FB032A7506980070984A /* WhatIsTheNewsUITests */ = {
			isa = PBXNativeTarget;
			buildConfigurationList = BCE6FB142A7506980070984A /* Build configuration list for PBXNativeTarget "WhatIsTheNewsUITests" */;
			buildPhases = (
				BCE6FB002A7506980070984A /* Sources */,
				BCE6FB012A7506980070984A /* Frameworks */,
				BCE6FB022A7506980070984A /* Resources */,
			);
			buildRules = (
			);
			dependencies = (
				BCE6FB062A7506980070984A /* PBXTargetDependency */,
			);
			name = WhatIsTheNewsUITests;
			productName = WhatIsTheNewsUITests;
			productReference = BCE6FB042A7506980070984A /* WhatIsTheNewsUITests.xctest */;
			productType = "com.apple.product-type.bundle.ui-testing";
		};
/* End PBXNativeTarget section */

/* Begin PBXProject section */
		BCE6FAE22A7506960070984A /* Project object */ = {
			isa = PBXProject;
			attributes = {
				BuildIndependentTargetsInParallel = 1;
				LastSwiftUpdateCheck = 1430;
				LastUpgradeCheck = 1430;
				TargetAttributes = {
					BCE6FAE92A7506960070984A = {
						CreatedOnToolsVersion = 14.3.1;
					};
					BCE6FAF92A7506980070984A = {
						CreatedOnToolsVersion = 14.3.1;
						TestTargetID = BCE6FAE92A7506960070984A;
					};
					BCE6FB032A7506980070984A = {
						CreatedOnToolsVersion = 14.3.1;
						TestTargetID = BCE6FAE92A7506960070984A;
					};
				};
			};
			buildConfigurationList = BCE6FAE52A7506960070984A /* Build configuration list for PBXProject "WhatIsTheNews" */;
			compatibilityVersion = "Xcode 14.0";
			developmentRegion = en;
			hasScannedForEncodings = 0;
			knownRegions = (
				en,
				Base,
			);
			mainGroup = BCE6FAE12A7506960070984A;
			productRefGroup = BCE6FAEB2A7506960070984A /* Products */;
			projectDirPath = "";
			projectRoot = "";
			targets = (
				BCE6FAE92A7506960070984A /* WhatIsTheNews */,
				BCE6FAF92A7506980070984A /* WhatIsTheNewsTests */,
				BCE6FB032A7506980070984A /* WhatIsTheNewsUITests */,
			);
		};
/* End PBXProject section */

/* Begin PBXResourcesBuildPhase section */
		BCE6FAE82A7506960070984A /* Resources */ = {
			isa = PBXResourcesBuildPhase;
			buildActionMask = 2147483647;
			files = (
				BCE6FAF52A7506980070984A /* Preview Assets.xcassets in Resources */,
				BCE6FAF22A7506980070984A /* Assets.xcassets in Resources */,
			);
			runOnlyForDeploymentPostprocessing = 0;
		};
		BCE6FAF82A7506980070984A /* Resources */ = {
			isa = PBXResourcesBuildPhase;
			buildActionMask = 2147483647;
			files = (
				BCE6FB1E2A7513360070984A /* ExamplesWithCoupeMondeFootFeminine.json in Resources */,
			);
			runOnlyForDeploymentPostprocessing = 0;
		};
		BCE6FB022A7506980070984A /* Resources */ = {
			isa = PBXResourcesBuildPhase;
			buildActionMask = 2147483647;
			files = (
			);
			runOnlyForDeploymentPostprocessing = 0;
		};
/* End PBXResourcesBuildPhase section */

/* Begin PBXSourcesBuildPhase section */
		BCE6FAE62A7506960070984A /* Sources */ = {
			isa = PBXSourcesBuildPhase;
			buildActionMask = 2147483647;
			files = (
				BC0BFD2C2A79A23900D9B53B /* LineSeparatorNews.swift in Sources */,
				BCE6FB192A750B130070984A /* APIKeys.swift in Sources */,
				BCE6FB202A751C1B0070984A /* NewsApiResult.swift in Sources */,
				BC3430942A7554EF0093F904 /* HomeViewModel.swift in Sources */,
				BCE6FAF02A7506960070984A /* HomeView.swift in Sources */,
				BCFE77F32A78469B009FDC04 /* DetailOfTheNewView.swift in Sources */,
				BC0BFD312A79C4B000D9B53B /* SafariView.swift in Sources */,
				BCFE77F72A784CB0009FDC04 /* Color+Extensions.swift in Sources */,
				BCFE77F92A785A4C009FDC04 /* PageOfTheNew.swift in Sources */,
				BC0BFD2F2A79A52C00D9B53B /* AsyncImageOfTheNew.swift in Sources */,
				BC3430912A7550510093F904 /* CellOfTheNew.swift in Sources */,
				BC3430972A75B5350093F904 /* ApiError.swift in Sources */,
				BCE6FB1B2A750CF30070984A /* New.swift in Sources */,
				BCE6FAEE2A7506960070984A /* WhatIsTheNewsApp.swift in Sources */,
			);
			runOnlyForDeploymentPostprocessing = 0;
		};
		BCE6FAF62A7506980070984A /* Sources */ = {
			isa = PBXSourcesBuildPhase;
			buildActionMask = 2147483647;
			files = (
				BC34309B2A7704C90093F904 /* MockResponseData.swift in Sources */,
				BCE6FAFF2A7506980070984A /* WhatIsTheNewsTests.swift in Sources */,
				BC3430992A7704820093F904 /* MockUrlProtocol.swift in Sources */,
				BC34309D2A7705440093F904 /* NewsApiTests.swift in Sources */,
			);
			runOnlyForDeploymentPostprocessing = 0;
		};
		BCE6FB002A7506980070984A /* Sources */ = {
			isa = PBXSourcesBuildPhase;
			buildActionMask = 2147483647;
			files = (
				BCE6FB092A7506980070984A /* WhatIsTheNewsUITests.swift in Sources */,
				BCE6FB0B2A7506980070984A /* WhatIsTheNewsUITestsLaunchTests.swift in Sources */,
			);
			runOnlyForDeploymentPostprocessing = 0;
		};
/* End PBXSourcesBuildPhase section */

/* Begin PBXTargetDependency section */
		BCE6FAFC2A7506980070984A /* PBXTargetDependency */ = {
			isa = PBXTargetDependency;
			target = BCE6FAE92A7506960070984A /* WhatIsTheNews */;
			targetProxy = BCE6FAFB2A7506980070984A /* PBXContainerItemProxy */;
		};
		BCE6FB062A7506980070984A /* PBXTargetDependency */ = {
			isa = PBXTargetDependency;
			target = BCE6FAE92A7506960070984A /* WhatIsTheNews */;
			targetProxy = BCE6FB052A7506980070984A /* PBXContainerItemProxy */;
		};
/* End PBXTargetDependency section */

/* Begin XCBuildConfiguration section */
		BCE6FB0C2A7506980070984A /* Debug */ = {
			isa = XCBuildConfiguration;
			buildSettings = {
				ALWAYS_SEARCH_USER_PATHS = NO;
				CLANG_ANALYZER_NONNULL = YES;
				CLANG_ANALYZER_NUMBER_OBJECT_CONVERSION = YES_AGGRESSIVE;
				CLANG_CXX_LANGUAGE_STANDARD = "gnu++20";
				CLANG_ENABLE_MODULES = YES;
				CLANG_ENABLE_OBJC_ARC = YES;
				CLANG_ENABLE_OBJC_WEAK = YES;
				CLANG_WARN_BLOCK_CAPTURE_AUTORELEASING = YES;
				CLANG_WARN_BOOL_CONVERSION = YES;
				CLANG_WARN_COMMA = YES;
				CLANG_WARN_CONSTANT_CONVERSION = YES;
				CLANG_WARN_DEPRECATED_OBJC_IMPLEMENTATIONS = YES;
				CLANG_WARN_DIRECT_OBJC_ISA_USAGE = YES_ERROR;
				CLANG_WARN_DOCUMENTATION_COMMENTS = YES;
				CLANG_WARN_EMPTY_BODY = YES;
				CLANG_WARN_ENUM_CONVERSION = YES;
				CLANG_WARN_INFINITE_RECURSION = YES;
				CLANG_WARN_INT_CONVERSION = YES;
				CLANG_WARN_NON_LITERAL_NULL_CONVERSION = YES;
				CLANG_WARN_OBJC_IMPLICIT_RETAIN_SELF = YES;
				CLANG_WARN_OBJC_LITERAL_CONVERSION = YES;
				CLANG_WARN_OBJC_ROOT_CLASS = YES_ERROR;
				CLANG_WARN_QUOTED_INCLUDE_IN_FRAMEWORK_HEADER = YES;
				CLANG_WARN_RANGE_LOOP_ANALYSIS = YES;
				CLANG_WARN_STRICT_PROTOTYPES = YES;
				CLANG_WARN_SUSPICIOUS_MOVE = YES;
				CLANG_WARN_UNGUARDED_AVAILABILITY = YES_AGGRESSIVE;
				CLANG_WARN_UNREACHABLE_CODE = YES;
				CLANG_WARN__DUPLICATE_METHOD_MATCH = YES;
				COPY_PHASE_STRIP = NO;
				DEBUG_INFORMATION_FORMAT = dwarf;
				ENABLE_STRICT_OBJC_MSGSEND = YES;
				ENABLE_TESTABILITY = YES;
				GCC_C_LANGUAGE_STANDARD = gnu11;
				GCC_DYNAMIC_NO_PIC = NO;
				GCC_NO_COMMON_BLOCKS = YES;
				GCC_OPTIMIZATION_LEVEL = 0;
				GCC_PREPROCESSOR_DEFINITIONS = (
					"DEBUG=1",
					"$(inherited)",
				);
				GCC_WARN_64_TO_32_BIT_CONVERSION = YES;
				GCC_WARN_ABOUT_RETURN_TYPE = YES_ERROR;
				GCC_WARN_UNDECLARED_SELECTOR = YES;
				GCC_WARN_UNINITIALIZED_AUTOS = YES_AGGRESSIVE;
				GCC_WARN_UNUSED_FUNCTION = YES;
				GCC_WARN_UNUSED_VARIABLE = YES;
				IPHONEOS_DEPLOYMENT_TARGET = 16.4;
				MTL_ENABLE_DEBUG_INFO = INCLUDE_SOURCE;
				MTL_FAST_MATH = YES;
				ONLY_ACTIVE_ARCH = YES;
				SDKROOT = iphoneos;
				SWIFT_ACTIVE_COMPILATION_CONDITIONS = DEBUG;
				SWIFT_OPTIMIZATION_LEVEL = "-Onone";
			};
			name = Debug;
		};
		BCE6FB0D2A7506980070984A /* Release */ = {
			isa = XCBuildConfiguration;
			buildSettings = {
				ALWAYS_SEARCH_USER_PATHS = NO;
				CLANG_ANALYZER_NONNULL = YES;
				CLANG_ANALYZER_NUMBER_OBJECT_CONVERSION = YES_AGGRESSIVE;
				CLANG_CXX_LANGUAGE_STANDARD = "gnu++20";
				CLANG_ENABLE_MODULES = YES;
				CLANG_ENABLE_OBJC_ARC = YES;
				CLANG_ENABLE_OBJC_WEAK = YES;
				CLANG_WARN_BLOCK_CAPTURE_AUTORELEASING = YES;
				CLANG_WARN_BOOL_CONVERSION = YES;
				CLANG_WARN_COMMA = YES;
				CLANG_WARN_CONSTANT_CONVERSION = YES;
				CLANG_WARN_DEPRECATED_OBJC_IMPLEMENTATIONS = YES;
				CLANG_WARN_DIRECT_OBJC_ISA_USAGE = YES_ERROR;
				CLANG_WARN_DOCUMENTATION_COMMENTS = YES;
				CLANG_WARN_EMPTY_BODY = YES;
				CLANG_WARN_ENUM_CONVERSION = YES;
				CLANG_WARN_INFINITE_RECURSION = YES;
				CLANG_WARN_INT_CONVERSION = YES;
				CLANG_WARN_NON_LITERAL_NULL_CONVERSION = YES;
				CLANG_WARN_OBJC_IMPLICIT_RETAIN_SELF = YES;
				CLANG_WARN_OBJC_LITERAL_CONVERSION = YES;
				CLANG_WARN_OBJC_ROOT_CLASS = YES_ERROR;
				CLANG_WARN_QUOTED_INCLUDE_IN_FRAMEWORK_HEADER = YES;
				CLANG_WARN_RANGE_LOOP_ANALYSIS = YES;
				CLANG_WARN_STRICT_PROTOTYPES = YES;
				CLANG_WARN_SUSPICIOUS_MOVE = YES;
				CLANG_WARN_UNGUARDED_AVAILABILITY = YES_AGGRESSIVE;
				CLANG_WARN_UNREACHABLE_CODE = YES;
				CLANG_WARN__DUPLICATE_METHOD_MATCH = YES;
				COPY_PHASE_STRIP = NO;
				DEBUG_INFORMATION_FORMAT = "dwarf-with-dsym";
				ENABLE_NS_ASSERTIONS = NO;
				ENABLE_STRICT_OBJC_MSGSEND = YES;
				GCC_C_LANGUAGE_STANDARD = gnu11;
				GCC_NO_COMMON_BLOCKS = YES;
				GCC_WARN_64_TO_32_BIT_CONVERSION = YES;
				GCC_WARN_ABOUT_RETURN_TYPE = YES_ERROR;
				GCC_WARN_UNDECLARED_SELECTOR = YES;
				GCC_WARN_UNINITIALIZED_AUTOS = YES_AGGRESSIVE;
				GCC_WARN_UNUSED_FUNCTION = YES;
				GCC_WARN_UNUSED_VARIABLE = YES;
				IPHONEOS_DEPLOYMENT_TARGET = 16.4;
				MTL_ENABLE_DEBUG_INFO = NO;
				MTL_FAST_MATH = YES;
				SDKROOT = iphoneos;
				SWIFT_COMPILATION_MODE = wholemodule;
				SWIFT_OPTIMIZATION_LEVEL = "-O";
				VALIDATE_PRODUCT = YES;
			};
			name = Release;
		};
		BCE6FB0F2A7506980070984A /* Debug */ = {
			isa = XCBuildConfiguration;
			buildSettings = {
				ASSETCATALOG_COMPILER_APPICON_NAME = AppIcon;
				ASSETCATALOG_COMPILER_GLOBAL_ACCENT_COLOR_NAME = AccentColor;
				CODE_SIGN_STYLE = Automatic;
				CURRENT_PROJECT_VERSION = 1;
				DEVELOPMENT_ASSET_PATHS = "\"WhatIsTheNews/Preview Content\"";
				DEVELOPMENT_TEAM = 9MRD2CZ6V7;
				ENABLE_PREVIEWS = YES;
				GENERATE_INFOPLIST_FILE = YES;
				INFOPLIST_KEY_UIApplicationSceneManifest_Generation = YES;
				INFOPLIST_KEY_UIApplicationSupportsIndirectInputEvents = YES;
				INFOPLIST_KEY_UILaunchScreen_Generation = YES;
				INFOPLIST_KEY_UISupportedInterfaceOrientations = "UIInterfaceOrientationLandscapeLeft UIInterfaceOrientationLandscapeRight UIInterfaceOrientationPortrait";
				INFOPLIST_KEY_UISupportedInterfaceOrientations_iPad = UIInterfaceOrientationPortrait;
				LD_RUNPATH_SEARCH_PATHS = (
					"$(inherited)",
					"@executable_path/Frameworks",
				);
				MARKETING_VERSION = 1.0;
				PRODUCT_BUNDLE_IDENTIFIER = fr.gregDeveaux.WhatIsTheNews;
				PRODUCT_NAME = "$(TARGET_NAME)";
				SWIFT_EMIT_LOC_STRINGS = YES;
				SWIFT_VERSION = 5.0;
				TARGETED_DEVICE_FAMILY = "1,2";
			};
			name = Debug;
		};
		BCE6FB102A7506980070984A /* Release */ = {
			isa = XCBuildConfiguration;
			buildSettings = {
				ASSETCATALOG_COMPILER_APPICON_NAME = AppIcon;
				ASSETCATALOG_COMPILER_GLOBAL_ACCENT_COLOR_NAME = AccentColor;
				CODE_SIGN_STYLE = Automatic;
				CURRENT_PROJECT_VERSION = 1;
				DEVELOPMENT_ASSET_PATHS = "\"WhatIsTheNews/Preview Content\"";
				DEVELOPMENT_TEAM = 9MRD2CZ6V7;
				ENABLE_PREVIEWS = YES;
				GENERATE_INFOPLIST_FILE = YES;
				INFOPLIST_KEY_UIApplicationSceneManifest_Generation = YES;
				INFOPLIST_KEY_UIApplicationSupportsIndirectInputEvents = YES;
				INFOPLIST_KEY_UILaunchScreen_Generation = YES;
				INFOPLIST_KEY_UISupportedInterfaceOrientations = "UIInterfaceOrientationLandscapeLeft UIInterfaceOrientationLandscapeRight UIInterfaceOrientationPortrait";
				INFOPLIST_KEY_UISupportedInterfaceOrientations_iPad = UIInterfaceOrientationPortrait;
				LD_RUNPATH_SEARCH_PATHS = (
					"$(inherited)",
					"@executable_path/Frameworks",
				);
				MARKETING_VERSION = 1.0;
				PRODUCT_BUNDLE_IDENTIFIER = fr.gregDeveaux.WhatIsTheNews;
				PRODUCT_NAME = "$(TARGET_NAME)";
				SWIFT_EMIT_LOC_STRINGS = YES;
				SWIFT_VERSION = 5.0;
				TARGETED_DEVICE_FAMILY = "1,2";
			};
			name = Release;
		};
		BCE6FB122A7506980070984A /* Debug */ = {
			isa = XCBuildConfiguration;
			buildSettings = {
				ALWAYS_EMBED_SWIFT_STANDARD_LIBRARIES = YES;
				BUNDLE_LOADER = "$(TEST_HOST)";
				CODE_SIGN_STYLE = Automatic;
				CURRENT_PROJECT_VERSION = 1;
				DEVELOPMENT_TEAM = 9MRD2CZ6V7;
				GENERATE_INFOPLIST_FILE = YES;
				IPHONEOS_DEPLOYMENT_TARGET = 16.4;
				MARKETING_VERSION = 1.0;
				PRODUCT_BUNDLE_IDENTIFIER = fr.gregDeveaux.WhatIsTheNewsTests;
				PRODUCT_NAME = "$(TARGET_NAME)";
				SWIFT_EMIT_LOC_STRINGS = NO;
				SWIFT_VERSION = 5.0;
				TARGETED_DEVICE_FAMILY = "1,2";
				TEST_HOST = "$(BUILT_PRODUCTS_DIR)/WhatIsTheNews.app/$(BUNDLE_EXECUTABLE_FOLDER_PATH)/WhatIsTheNews";
			};
			name = Debug;
		};
		BCE6FB132A7506980070984A /* Release */ = {
			isa = XCBuildConfiguration;
			buildSettings = {
				ALWAYS_EMBED_SWIFT_STANDARD_LIBRARIES = YES;
				BUNDLE_LOADER = "$(TEST_HOST)";
				CODE_SIGN_STYLE = Automatic;
				CURRENT_PROJECT_VERSION = 1;
				DEVELOPMENT_TEAM = 9MRD2CZ6V7;
				GENERATE_INFOPLIST_FILE = YES;
				IPHONEOS_DEPLOYMENT_TARGET = 16.4;
				MARKETING_VERSION = 1.0;
				PRODUCT_BUNDLE_IDENTIFIER = fr.gregDeveaux.WhatIsTheNewsTests;
				PRODUCT_NAME = "$(TARGET_NAME)";
				SWIFT_EMIT_LOC_STRINGS = NO;
				SWIFT_VERSION = 5.0;
				TARGETED_DEVICE_FAMILY = "1,2";
				TEST_HOST = "$(BUILT_PRODUCTS_DIR)/WhatIsTheNews.app/$(BUNDLE_EXECUTABLE_FOLDER_PATH)/WhatIsTheNews";
			};
			name = Release;
		};
		BCE6FB152A7506980070984A /* Debug */ = {
			isa = XCBuildConfiguration;
			buildSettings = {
				ALWAYS_EMBED_SWIFT_STANDARD_LIBRARIES = YES;
				CODE_SIGN_STYLE = Automatic;
				CURRENT_PROJECT_VERSION = 1;
				DEVELOPMENT_TEAM = 9MRD2CZ6V7;
				GENERATE_INFOPLIST_FILE = YES;
				MARKETING_VERSION = 1.0;
				PRODUCT_BUNDLE_IDENTIFIER = fr.gregDeveaux.WhatIsTheNewsUITests;
				PRODUCT_NAME = "$(TARGET_NAME)";
				SWIFT_EMIT_LOC_STRINGS = NO;
				SWIFT_VERSION = 5.0;
				TARGETED_DEVICE_FAMILY = "1,2";
				TEST_TARGET_NAME = WhatIsTheNews;
			};
			name = Debug;
		};
		BCE6FB162A7506980070984A /* Release */ = {
			isa = XCBuildConfiguration;
			buildSettings = {
				ALWAYS_EMBED_SWIFT_STANDARD_LIBRARIES = YES;
				CODE_SIGN_STYLE = Automatic;
				CURRENT_PROJECT_VERSION = 1;
				DEVELOPMENT_TEAM = 9MRD2CZ6V7;
				GENERATE_INFOPLIST_FILE = YES;
				MARKETING_VERSION = 1.0;
				PRODUCT_BUNDLE_IDENTIFIER = fr.gregDeveaux.WhatIsTheNewsUITests;
				PRODUCT_NAME = "$(TARGET_NAME)";
				SWIFT_EMIT_LOC_STRINGS = NO;
				SWIFT_VERSION = 5.0;
				TARGETED_DEVICE_FAMILY = "1,2";
				TEST_TARGET_NAME = WhatIsTheNews;
			};
			name = Release;
		};
/* End XCBuildConfiguration section */

/* Begin XCConfigurationList section */
		BCE6FAE52A7506960070984A /* Build configuration list for PBXProject "WhatIsTheNews" */ = {
			isa = XCConfigurationList;
			buildConfigurations = (
				BCE6FB0C2A7506980070984A /* Debug */,
				BCE6FB0D2A7506980070984A /* Release */,
			);
			defaultConfigurationIsVisible = 0;
			defaultConfigurationName = Release;
		};
		BCE6FB0E2A7506980070984A /* Build configuration list for PBXNativeTarget "WhatIsTheNews" */ = {
			isa = XCConfigurationList;
			buildConfigurations = (
				BCE6FB0F2A7506980070984A /* Debug */,
				BCE6FB102A7506980070984A /* Release */,
			);
			defaultConfigurationIsVisible = 0;
			defaultConfigurationName = Release;
		};
		BCE6FB112A7506980070984A /* Build configuration list for PBXNativeTarget "WhatIsTheNewsTests" */ = {
			isa = XCConfigurationList;
			buildConfigurations = (
				BCE6FB122A7506980070984A /* Debug */,
				BCE6FB132A7506980070984A /* Release */,
			);
			defaultConfigurationIsVisible = 0;
			defaultConfigurationName = Release;
		};
		BCE6FB142A7506980070984A /* Build configuration list for PBXNativeTarget "WhatIsTheNewsUITests" */ = {
			isa = XCConfigurationList;
			buildConfigurations = (
				BCE6FB152A7506980070984A /* Debug */,
				BCE6FB162A7506980070984A /* Release */,
			);
			defaultConfigurationIsVisible = 0;
			defaultConfigurationName = Release;
		};
/* End XCConfigurationList section */
	};
	rootObject = BCE6FAE22A7506960070984A /* Project object */;
}
